
Microsoft Visual Studio Solution File, Format Version 12.00
# Visual Studio Version 16
VisualStudioVersion = 16.0.32106.194
MinimumVisualStudioVersion = 10.0.40219.1
Project("{2150E333-8FDC-42A3-9474-1A3956D46DE8}") = "Contact", "Contact", "{A00AE220-B93A-4BEF-8CBD-348BD755228C}"
EndProject
Project("{2150E333-8FDC-42A3-9474-1A3956D46DE8}") = "Report", "Report", "{37AF21C4-65F1-46BD-AFA7-80D6C493A2D9}"
EndProject
Project("{2150E333-8FDC-42A3-9474-1A3956D46DE8}") = "RabbitMQ", "RabbitMQ", "{E8E94574-B37E-44F7-822E-B8A59FB9A4A9}"
EndProject
Project("{9A19103F-16F7-4668-BE54-9A1E7A4F7556}") = "Rise.APIGateway", "Rise.APIGateway\Rise.APIGateway.csproj", "{982DC8B0-EC02-4288-906A-E291A4C18DF8}"
EndProject
Project("{9A19103F-16F7-4668-BE54-9A1E7A4F7556}") = "Rise.ContractAPI", "Contact\Rise.ContactAPI\Rise.ContractAPI.csproj", "{B884E38A-3EC0-491C-8A49-A37BE495E9C3}"
EndProject
Project("{9A19103F-16F7-4668-BE54-9A1E7A4F7556}") = "Rise.ContactCore", "Contact\Rise.ContactCore\Rise.ContactCore.csproj", "{5D7535DD-6135-4A7E-8E76-92D946637F44}"
EndProject
Project("{9A19103F-16F7-4668-BE54-9A1E7A4F7556}") = "Rise.Shared", "Rise.Shared\Rise.Shared.csproj", "{6047C6E4-61B1-4672-9DE2-F3ED999536F3}"
EndProject
Project("{FAE04EC0-301F-11D3-BF4B-00C04F79EFBC}") = "Rise.ContactUnitTests", "Contact\Rise.ContactUnitTests\Rise.ContactUnitTests.csproj", "{199514B6-C29C-4D37-A99A-06D2C302DA81}"
EndProject
Project("{9A19103F-16F7-4668-BE54-9A1E7A4F7556}") = "Rise.ReportAPI", "Report\Rise.ReportAPI\Rise.ReportAPI.csproj", "{D687AAD6-2B39-477D-ABE8-493805296BE6}"
EndProject
Project("{9A19103F-16F7-4668-BE54-9A1E7A4F7556}") = "Rise.ReportCore", "Report\Rise.ReportCore\Rise.ReportCore.csproj", "{1BC81767-D3F9-43C6-B26E-5D4F9C023CF5}"
EndProject
Project("{9A19103F-16F7-4668-BE54-9A1E7A4F7556}") = "Rise.ReportUnitTests", "Report\Rise.ReportUnitTests\Rise.ReportUnitTests.csproj", "{C8FE1F90-743A-4940-9166-9A20DE4DF37A}"
EndProject
Global
	GlobalSection(SolutionConfigurationPlatforms) = preSolution
		Debug|Any CPU = Debug|Any CPU
		Release|Any CPU = Release|Any CPU
	EndGlobalSection
	GlobalSection(ProjectConfigurationPlatforms) = postSolution
		{982DC8B0-EC02-4288-906A-E291A4C18DF8}.Debug|Any CPU.ActiveCfg = Debug|Any CPU
		{982DC8B0-EC02-4288-906A-E291A4C18DF8}.Debug|Any CPU.Build.0 = Debug|Any CPU
		{982DC8B0-EC02-4288-906A-E291A4C18DF8}.Release|Any CPU.ActiveCfg = Release|Any CPU
		{982DC8B0-EC02-4288-906A-E291A4C18DF8}.Release|Any CPU.Build.0 = Release|Any CPU
		{B884E38A-3EC0-491C-8A49-A37BE495E9C3}.Debug|Any CPU.ActiveCfg = Debug|Any CPU
		{B884E38A-3EC0-491C-8A49-A37BE495E9C3}.Debug|Any CPU.Build.0 = Debug|Any CPU
		{B884E38A-3EC0-491C-8A49-A37BE495E9C3}.Release|Any CPU.ActiveCfg = Release|Any CPU
		{B884E38A-3EC0-491C-8A49-A37BE495E9C3}.Release|Any CPU.Build.0 = Release|Any CPU
		{5D7535DD-6135-4A7E-8E76-92D946637F44}.Debug|Any CPU.ActiveCfg = Debug|Any CPU
		{5D7535DD-6135-4A7E-8E76-92D946637F44}.Debug|Any CPU.Build.0 = Debug|Any CPU
		{5D7535DD-6135-4A7E-8E76-92D946637F44}.Release|Any CPU.ActiveCfg = Release|Any CPU
		{5D7535DD-6135-4A7E-8E76-92D946637F44}.Release|Any CPU.Build.0 = Release|Any CPU
		{6047C6E4-61B1-4672-9DE2-F3ED999536F3}.Debug|Any CPU.ActiveCfg = Debug|Any CPU
		{6047C6E4-61B1-4672-9DE2-F3ED999536F3}.Debug|Any CPU.Build.0 = Debug|Any CPU
		{6047C6E4-61B1-4672-9DE2-F3ED999536F3}.Release|Any CPU.ActiveCfg = Release|Any CPU
		{6047C6E4-61B1-4672-9DE2-F3ED999536F3}.Release|Any CPU.Build.0 = Release|Any CPU
		{199514B6-C29C-4D37-A99A-06D2C302DA81}.Debug|Any CPU.ActiveCfg = Debug|Any CPU
		{199514B6-C29C-4D37-A99A-06D2C302DA81}.Debug|Any CPU.Build.0 = Debug|Any CPU
		{199514B6-C29C-4D37-A99A-06D2C302DA81}.Release|Any CPU.ActiveCfg = Release|Any CPU
		{199514B6-C29C-4D37-A99A-06D2C302DA81}.Release|Any CPU.Build.0 = Release|Any CPU
		{D687AAD6-2B39-477D-ABE8-493805296BE6}.Debug|Any CPU.ActiveCfg = Debug|Any CPU
		{D687AAD6-2B39-477D-ABE8-493805296BE6}.Debug|Any CPU.Build.0 = Debug|Any CPU
		{D687AAD6-2B39-477D-ABE8-493805296BE6}.Release|Any CPU.ActiveCfg = Release|Any CPU
		{D687AAD6-2B39-477D-ABE8-493805296BE6}.Release|Any CPU.Build.0 = Release|Any CPU
		{1BC81767-D3F9-43C6-B26E-5D4F9C023CF5}.Debug|Any CPU.ActiveCfg = Debug|Any CPU
		{1BC81767-D3F9-43C6-B26E-5D4F9C023CF5}.Debug|Any CPU.Build.0 = Debug|Any CPU
		{1BC81767-D3F9-43C6-B26E-5D4F9C023CF5}.Release|Any CPU.ActiveCfg = Release|Any CPU
		{1BC81767-D3F9-43C6-B26E-5D4F9C023CF5}.Release|Any CPU.Build.0 = Release|Any CPU
		{C8FE1F90-743A-4940-9166-9A20DE4DF37A}.Debug|Any CPU.ActiveCfg = Debug|Any CPU
		{C8FE1F90-743A-4940-9166-9A20DE4DF37A}.Debug|Any CPU.Build.0 = Debug|Any CPU
		{C8FE1F90-743A-4940-9166-9A20DE4DF37A}.Release|Any CPU.ActiveCfg = Release|Any CPU
		{C8FE1F90-743A-4940-9166-9A20DE4DF37A}.Release|Any CPU.Build.0 = Release|Any CPU
	EndGlobalSection
	GlobalSection(SolutionProperties) = preSolution
		HideSolutionNode = FALSE
	EndGlobalSection
	GlobalSection(NestedProjects) = preSolution
		{B884E38A-3EC0-491C-8A49-A37BE495E9C3} = {A00AE220-B93A-4BEF-8CBD-348BD755228C}
		{5D7535DD-6135-4A7E-8E76-92D946637F44} = {A00AE220-B93A-4BEF-8CBD-348BD755228C}
		{199514B6-C29C-4D37-A99A-06D2C302DA81} = {A00AE220-B93A-4BEF-8CBD-348BD755228C}
		{D687AAD6-2B39-477D-ABE8-493805296BE6} = {37AF21C4-65F1-46BD-AFA7-80D6C493A2D9}
		{1BC81767-D3F9-43C6-B26E-5D4F9C023CF5} = {37AF21C4-65F1-46BD-AFA7-80D6C493A2D9}
		{C8FE1F90-743A-4940-9166-9A20DE4DF37A} = {37AF21C4-65F1-46BD-AFA7-80D6C493A2D9}
	EndGlobalSection
	GlobalSection(ExtensibilityGlobals) = postSolution
		SolutionGuid = {75335A9B-1990-4A85-B1E2-5A23E1B1A436}
	EndGlobalSection
EndGlobal
